
Microsoft Visual Studio Solution File, Format Version 11.00
# Visual Studio 2010
Project("{FAE04EC0-301F-11D3-BF4B-00C04F79EFBC}") = "MedicineStore", "MedicineStore\MedicineStore.csproj", "{ED9BCD52-8ACB-4C13-B669-962E775F8A0E}"
EndProject
Project("{FAE04EC0-301F-11D3-BF4B-00C04F79EFBC}") = "MedicineStore.Tests", "MedicineStore.Tests\MedicineStore.Tests.csproj", "{8239BCB9-E6B1-40BD-A2B9-8B32AE2E6708}"
EndProject
Global
	GlobalSection(SolutionConfigurationPlatforms) = preSolution
		Debug|Any CPU = Debug|Any CPU
		Release|Any CPU = Release|Any CPU
	EndGlobalSection
	GlobalSection(ProjectConfigurationPlatforms) = postSolution
		{ED9BCD52-8ACB-4C13-B669-962E775F8A0E}.Debug|Any CPU.ActiveCfg = Debug|Any CPU
		{ED9BCD52-8ACB-4C13-B669-962E775F8A0E}.Debug|Any CPU.Build.0 = Debug|Any CPU
		{ED9BCD52-8ACB-4C13-B669-962E775F8A0E}.Release|Any CPU.ActiveCfg = Release|Any CPU
		{ED9BCD52-8ACB-4C13-B669-962E775F8A0E}.Release|Any CPU.Build.0 = Release|Any CPU
		{8239BCB9-E6B1-40BD-A2B9-8B32AE2E6708}.Debug|Any CPU.ActiveCfg = Debug|Any CPU
		{8239BCB9-E6B1-40BD-A2B9-8B32AE2E6708}.Debug|Any CPU.Build.0 = Debug|Any CPU
		{8239BCB9-E6B1-40BD-A2B9-8B32AE2E6708}.Release|Any CPU.ActiveCfg = Release|Any CPU
		{8239BCB9-E6B1-40BD-A2B9-8B32AE2E6708}.Release|Any CPU.Build.0 = Release|Any CPU
	EndGlobalSection
	GlobalSection(SolutionProperties) = preSolution
		HideSolutionNode = FALSE
	EndGlobalSection
EndGlobal
